
Microsoft Visual Studio Solution File, Format Version 12.00
# Visual Studio 2013
VisualStudioVersion = 12.0.21005.1
MinimumVisualStudioVersion = 10.0.40219.1
Project("{FAE04EC0-301F-11D3-BF4B-00C04F79EFBC}") = "SNS.Apps.KPC.Open", "SNS.Apps.KPC.Open\SNS.Apps.KPC.Open.csproj", "{051DBB87-C5B6-4D7E-A6B3-7E14DD400E15}"
EndProject
Project("{2150E333-8FDC-42A3-9474-1A3956D46DE8}") = "Apps", "Apps", "{2C50576A-4C59-424A-A408-F146B951C4E9}"
EndProject
Project("{2150E333-8FDC-42A3-9474-1A3956D46DE8}") = "Libs", "Libs", "{17A7EE3A-5594-4D16-9D18-ABE2AB9226F2}"
EndProject
Project("{2150E333-8FDC-42A3-9474-1A3956D46DE8}") = "Services", "Services", "{77C59314-6E91-40AD-8AC3-FDC5E879D492}"
EndProject
Project("{FAE04EC0-301F-11D3-BF4B-00C04F79EFBC}") = "SNS.Apps.KPC.Libs.Configurations", "SNS.Apps.KPC.Libs.Configurations\SNS.Apps.KPC.Libs.Configurations.csproj", "{64876BC5-0F52-457B-9C5F-613532887C02}"
EndProject
Project("{FAE04EC0-301F-11D3-BF4B-00C04F79EFBC}") = "SNS.Apps.KPC.Libs.Models", "SNS.Apps.KPC.Libs.Models\SNS.Apps.KPC.Libs.Models.csproj", "{816D4429-E7D1-4CCB-B77B-6CCEEBD1B846}"
EndProject
Project("{FAE04EC0-301F-11D3-BF4B-00C04F79EFBC}") = "SNS.Apps.KPC.Libs.Models.Repositories", "SNS.Apps.KPC.Libs.Models.Repositories\SNS.Apps.KPC.Libs.Models.Repositories.csproj", "{C95C923E-74AB-4DB5-B740-5E925444F2E5}"
EndProject
Project("{FAE04EC0-301F-11D3-BF4B-00C04F79EFBC}") = "SNS.Apps.KPC.Libs.Services", "SNS.Apps.KPC.Libs.Services\SNS.Apps.KPC.Libs.Services.csproj", "{D201D8FD-6CCA-4F80-BF84-B301D380DC66}"
EndProject
Project("{FAE04EC0-301F-11D3-BF4B-00C04F79EFBC}") = "SNS.Apps.KPC.Libs.IServices", "SNS.Apps.KPC.Libs.IServices\SNS.Apps.KPC.Libs.IServices.csproj", "{78421D37-EE82-4D39-BB9D-95285A3A76B1}"
EndProject
Project("{FAE04EC0-301F-11D3-BF4B-00C04F79EFBC}") = "SNS.Apps.TaskService", "SNS.Apps.TaskService\SNS.Apps.TaskService.csproj", "{2FEBD0ED-01C8-48B1-8001-1F763766EFB2}"
EndProject
Project("{FAE04EC0-301F-11D3-BF4B-00C04F79EFBC}") = "SNS.Apps.KPC.Libs.Tasks", "SNS.Apps.KPC.Libs.Tasks\SNS.Apps.KPC.Libs.Tasks.csproj", "{053B405D-CA29-4850-AB18-2678499D747F}"
EndProject
Project("{FAE04EC0-301F-11D3-BF4B-00C04F79EFBC}") = "SNS.Apps.KPC.Admin", "SNS.APPS.KPC.Admin\SNS.Apps.KPC.Admin.csproj", "{A7A5473D-9813-4DDF-A4C2-5F590792687D}"
EndProject
Project("{2150E333-8FDC-42A3-9474-1A3956D46DE8}") = "Test", "Test", "{6C4E669D-9B10-4122-9A61-99638CA354AD}"
EndProject
Project("{FAE04EC0-301F-11D3-BF4B-00C04F79EFBC}") = "SNS.Apps.TaskConsole", "SNS.Apps.TaskConsole\SNS.Apps.TaskConsole.csproj", "{35FA5633-67B0-48F0-9954-DB61678F5985}"
EndProject
Project("{FAE04EC0-301F-11D3-BF4B-00C04F79EFBC}") = "SNS.Apps.KPC.WeChat", "SNS.Apps.KPC.WeChat\SNS.Apps.KPC.WeChat.csproj", "{2729A54B-FD8A-4C24-B207-6A891F5659C5}"
EndProject
Project("{FAE04EC0-301F-11D3-BF4B-00C04F79EFBC}") = "SNS.Apps.KPC.Libs.Payment.Alipay", "SNS.Apps.KPC.Libs.Payment.Alipay\SNS.Apps.KPC.Libs.Payment.Alipay.csproj", "{56C13CAA-DA00-4E70-AFF0-72B673606881}"
EndProject
Project("{2150E333-8FDC-42A3-9474-1A3956D46DE8}") = "Libs_Senparc", "Libs_Senparc", "{CE87D0B5-7481-4EE4-8FE0-76BAA0B8843D}"
EndProject
Project("{FAE04EC0-301F-11D3-BF4B-00C04F79EFBC}") = "Senparc.Weixin.MP", "Senparc.Weixin.MP\Senparc.Weixin.MP.csproj", "{1D815FBF-451C-4E23-939C-CB80172F445C}"
EndProject
Project("{FAE04EC0-301F-11D3-BF4B-00C04F79EFBC}") = "Senparc.Weixin.MP.MvcExtension", "Senparc.Weixin.MP.MvcExtension\Senparc.Weixin.MP.MvcExtension.csproj", "{EE8630BC-6191-4C40-9061-12C76342562D}"
EndProject
Project("{FAE04EC0-301F-11D3-BF4B-00C04F79EFBC}") = "SNS.Apps.KPC.Libs.Models.WeChat", "SNS.Apps.KPC.Libs.Models.WeChat\SNS.Apps.KPC.Libs.Models.WeChat.csproj", "{5C8F0164-0DD4-40A7-BCC4-7F4336384923}"
EndProject
Project("{FAE04EC0-301F-11D3-BF4B-00C04F79EFBC}") = "SNS.Apps.KPC.Libs.WeChatHelper", "SNS.Apps.KPC.Libs.WeChatHelper\SNS.Apps.KPC.Libs.WeChatHelper.csproj", "{7F7985D6-0785-4672-8253-2A8E8CA79F93}"
EndProject
Project("{FAE04EC0-301F-11D3-BF4B-00C04F79EFBC}") = "SNS.Apps.KPC.Libs.WeChatResponsor", "SNS.Apps.KPC.Libs.WeChatResponsor\SNS.Apps.KPC.Libs.WeChatResponsor.csproj", "{CFA2A124-7D9A-4E1E-A6B5-1F35299E04EE}"
EndProject
Project("{FAE04EC0-301F-11D3-BF4B-00C04F79EFBC}") = "SNS.Apps.KPC.Libs.Utils", "SNS.Apps.KPC.Libs.Utils\SNS.Apps.KPC.Libs.Utils.csproj", "{7899DE2B-4FB4-40CC-BC76-28F854FB5004}"
EndProject
Global
	GlobalSection(SolutionConfigurationPlatforms) = preSolution
		Debug|Any CPU = Debug|Any CPU
		Release|Any CPU = Release|Any CPU
		Test|Any CPU = Test|Any CPU
	EndGlobalSection
	GlobalSection(ProjectConfigurationPlatforms) = postSolution
		{051DBB87-C5B6-4D7E-A6B3-7E14DD400E15}.Debug|Any CPU.ActiveCfg = Debug|Any CPU
		{051DBB87-C5B6-4D7E-A6B3-7E14DD400E15}.Debug|Any CPU.Build.0 = Debug|Any CPU
		{051DBB87-C5B6-4D7E-A6B3-7E14DD400E15}.Release|Any CPU.ActiveCfg = Release|Any CPU
		{051DBB87-C5B6-4D7E-A6B3-7E14DD400E15}.Release|Any CPU.Build.0 = Release|Any CPU
		{051DBB87-C5B6-4D7E-A6B3-7E14DD400E15}.Test|Any CPU.ActiveCfg = Release|Any CPU
		{051DBB87-C5B6-4D7E-A6B3-7E14DD400E15}.Test|Any CPU.Build.0 = Release|Any CPU
		{64876BC5-0F52-457B-9C5F-613532887C02}.Debug|Any CPU.ActiveCfg = Debug|Any CPU
		{64876BC5-0F52-457B-9C5F-613532887C02}.Debug|Any CPU.Build.0 = Debug|Any CPU
		{64876BC5-0F52-457B-9C5F-613532887C02}.Release|Any CPU.ActiveCfg = Release|Any CPU
		{64876BC5-0F52-457B-9C5F-613532887C02}.Release|Any CPU.Build.0 = Release|Any CPU
		{64876BC5-0F52-457B-9C5F-613532887C02}.Test|Any CPU.ActiveCfg = Release|Any CPU
		{64876BC5-0F52-457B-9C5F-613532887C02}.Test|Any CPU.Build.0 = Release|Any CPU
		{816D4429-E7D1-4CCB-B77B-6CCEEBD1B846}.Debug|Any CPU.ActiveCfg = Debug|Any CPU
		{816D4429-E7D1-4CCB-B77B-6CCEEBD1B846}.Debug|Any CPU.Build.0 = Debug|Any CPU
		{816D4429-E7D1-4CCB-B77B-6CCEEBD1B846}.Release|Any CPU.ActiveCfg = Release|Any CPU
		{816D4429-E7D1-4CCB-B77B-6CCEEBD1B846}.Release|Any CPU.Build.0 = Release|Any CPU
		{816D4429-E7D1-4CCB-B77B-6CCEEBD1B846}.Test|Any CPU.ActiveCfg = Release|Any CPU
		{816D4429-E7D1-4CCB-B77B-6CCEEBD1B846}.Test|Any CPU.Build.0 = Release|Any CPU
		{C95C923E-74AB-4DB5-B740-5E925444F2E5}.Debug|Any CPU.ActiveCfg = Debug|Any CPU
		{C95C923E-74AB-4DB5-B740-5E925444F2E5}.Debug|Any CPU.Build.0 = Debug|Any CPU
		{C95C923E-74AB-4DB5-B740-5E925444F2E5}.Release|Any CPU.ActiveCfg = Release|Any CPU
		{C95C923E-74AB-4DB5-B740-5E925444F2E5}.Release|Any CPU.Build.0 = Release|Any CPU
		{C95C923E-74AB-4DB5-B740-5E925444F2E5}.Test|Any CPU.ActiveCfg = Release|Any CPU
		{C95C923E-74AB-4DB5-B740-5E925444F2E5}.Test|Any CPU.Build.0 = Release|Any CPU
		{D201D8FD-6CCA-4F80-BF84-B301D380DC66}.Debug|Any CPU.ActiveCfg = Debug|Any CPU
		{D201D8FD-6CCA-4F80-BF84-B301D380DC66}.Debug|Any CPU.Build.0 = Debug|Any CPU
		{D201D8FD-6CCA-4F80-BF84-B301D380DC66}.Release|Any CPU.ActiveCfg = Release|Any CPU
		{D201D8FD-6CCA-4F80-BF84-B301D380DC66}.Release|Any CPU.Build.0 = Release|Any CPU
		{D201D8FD-6CCA-4F80-BF84-B301D380DC66}.Test|Any CPU.ActiveCfg = Release|Any CPU
		{D201D8FD-6CCA-4F80-BF84-B301D380DC66}.Test|Any CPU.Build.0 = Release|Any CPU
		{78421D37-EE82-4D39-BB9D-95285A3A76B1}.Debug|Any CPU.ActiveCfg = Debug|Any CPU
		{78421D37-EE82-4D39-BB9D-95285A3A76B1}.Debug|Any CPU.Build.0 = Debug|Any CPU
		{78421D37-EE82-4D39-BB9D-95285A3A76B1}.Release|Any CPU.ActiveCfg = Release|Any CPU
		{78421D37-EE82-4D39-BB9D-95285A3A76B1}.Release|Any CPU.Build.0 = Release|Any CPU
		{78421D37-EE82-4D39-BB9D-95285A3A76B1}.Test|Any CPU.ActiveCfg = Release|Any CPU
		{78421D37-EE82-4D39-BB9D-95285A3A76B1}.Test|Any CPU.Build.0 = Release|Any CPU
		{2FEBD0ED-01C8-48B1-8001-1F763766EFB2}.Debug|Any CPU.ActiveCfg = Debug|Any CPU
		{2FEBD0ED-01C8-48B1-8001-1F763766EFB2}.Debug|Any CPU.Build.0 = Debug|Any CPU
		{2FEBD0ED-01C8-48B1-8001-1F763766EFB2}.Release|Any CPU.ActiveCfg = Release|Any CPU
		{2FEBD0ED-01C8-48B1-8001-1F763766EFB2}.Release|Any CPU.Build.0 = Release|Any CPU
		{2FEBD0ED-01C8-48B1-8001-1F763766EFB2}.Test|Any CPU.ActiveCfg = Release|Any CPU
		{2FEBD0ED-01C8-48B1-8001-1F763766EFB2}.Test|Any CPU.Build.0 = Release|Any CPU
		{053B405D-CA29-4850-AB18-2678499D747F}.Debug|Any CPU.ActiveCfg = Debug|Any CPU
		{053B405D-CA29-4850-AB18-2678499D747F}.Debug|Any CPU.Build.0 = Debug|Any CPU
		{053B405D-CA29-4850-AB18-2678499D747F}.Release|Any CPU.ActiveCfg = Release|Any CPU
		{053B405D-CA29-4850-AB18-2678499D747F}.Release|Any CPU.Build.0 = Release|Any CPU
		{053B405D-CA29-4850-AB18-2678499D747F}.Test|Any CPU.ActiveCfg = Release|Any CPU
		{053B405D-CA29-4850-AB18-2678499D747F}.Test|Any CPU.Build.0 = Release|Any CPU
		{A7A5473D-9813-4DDF-A4C2-5F590792687D}.Debug|Any CPU.ActiveCfg = Debug|Any CPU
		{A7A5473D-9813-4DDF-A4C2-5F590792687D}.Debug|Any CPU.Build.0 = Debug|Any CPU
		{A7A5473D-9813-4DDF-A4C2-5F590792687D}.Release|Any CPU.ActiveCfg = Release|Any CPU
		{A7A5473D-9813-4DDF-A4C2-5F590792687D}.Release|Any CPU.Build.0 = Release|Any CPU
		{A7A5473D-9813-4DDF-A4C2-5F590792687D}.Test|Any CPU.ActiveCfg = Release|Any CPU
		{A7A5473D-9813-4DDF-A4C2-5F590792687D}.Test|Any CPU.Build.0 = Release|Any CPU
		{35FA5633-67B0-48F0-9954-DB61678F5985}.Debug|Any CPU.ActiveCfg = Debug|Any CPU
		{35FA5633-67B0-48F0-9954-DB61678F5985}.Debug|Any CPU.Build.0 = Debug|Any CPU
		{35FA5633-67B0-48F0-9954-DB61678F5985}.Release|Any CPU.ActiveCfg = Release|Any CPU
		{35FA5633-67B0-48F0-9954-DB61678F5985}.Release|Any CPU.Build.0 = Release|Any CPU
		{35FA5633-67B0-48F0-9954-DB61678F5985}.Test|Any CPU.ActiveCfg = Release|Any CPU
		{35FA5633-67B0-48F0-9954-DB61678F5985}.Test|Any CPU.Build.0 = Release|Any CPU
		{2729A54B-FD8A-4C24-B207-6A891F5659C5}.Debug|Any CPU.ActiveCfg = Debug|Any CPU
		{2729A54B-FD8A-4C24-B207-6A891F5659C5}.Debug|Any CPU.Build.0 = Debug|Any CPU
		{2729A54B-FD8A-4C24-B207-6A891F5659C5}.Release|Any CPU.ActiveCfg = Release|Any CPU
		{2729A54B-FD8A-4C24-B207-6A891F5659C5}.Release|Any CPU.Build.0 = Release|Any CPU
		{2729A54B-FD8A-4C24-B207-6A891F5659C5}.Test|Any CPU.ActiveCfg = Release|Any CPU
		{2729A54B-FD8A-4C24-B207-6A891F5659C5}.Test|Any CPU.Build.0 = Release|Any CPU
		{56C13CAA-DA00-4E70-AFF0-72B673606881}.Debug|Any CPU.ActiveCfg = Debug|Any CPU
		{56C13CAA-DA00-4E70-AFF0-72B673606881}.Debug|Any CPU.Build.0 = Debug|Any CPU
		{56C13CAA-DA00-4E70-AFF0-72B673606881}.Release|Any CPU.ActiveCfg = Release|Any CPU
		{56C13CAA-DA00-4E70-AFF0-72B673606881}.Release|Any CPU.Build.0 = Release|Any CPU
		{56C13CAA-DA00-4E70-AFF0-72B673606881}.Test|Any CPU.ActiveCfg = Release|Any CPU
		{56C13CAA-DA00-4E70-AFF0-72B673606881}.Test|Any CPU.Build.0 = Release|Any CPU
		{1D815FBF-451C-4E23-939C-CB80172F445C}.Debug|Any CPU.ActiveCfg = Debug|Any CPU
		{1D815FBF-451C-4E23-939C-CB80172F445C}.Debug|Any CPU.Build.0 = Debug|Any CPU
		{1D815FBF-451C-4E23-939C-CB80172F445C}.Release|Any CPU.ActiveCfg = Release|Any CPU
		{1D815FBF-451C-4E23-939C-CB80172F445C}.Release|Any CPU.Build.0 = Release|Any CPU
		{1D815FBF-451C-4E23-939C-CB80172F445C}.Test|Any CPU.ActiveCfg = Test|Any CPU
		{1D815FBF-451C-4E23-939C-CB80172F445C}.Test|Any CPU.Build.0 = Test|Any CPU
		{EE8630BC-6191-4C40-9061-12C76342562D}.Debug|Any CPU.ActiveCfg = Debug|Any CPU
		{EE8630BC-6191-4C40-9061-12C76342562D}.Debug|Any CPU.Build.0 = Debug|Any CPU
		{EE8630BC-6191-4C40-9061-12C76342562D}.Release|Any CPU.ActiveCfg = Release|Any CPU
		{EE8630BC-6191-4C40-9061-12C76342562D}.Release|Any CPU.Build.0 = Release|Any CPU
		{EE8630BC-6191-4C40-9061-12C76342562D}.Test|Any CPU.ActiveCfg = Release|Any CPU
		{EE8630BC-6191-4C40-9061-12C76342562D}.Test|Any CPU.Build.0 = Release|Any CPU
		{5C8F0164-0DD4-40A7-BCC4-7F4336384923}.Debug|Any CPU.ActiveCfg = Debug|Any CPU
		{5C8F0164-0DD4-40A7-BCC4-7F4336384923}.Debug|Any CPU.Build.0 = Debug|Any CPU
		{5C8F0164-0DD4-40A7-BCC4-7F4336384923}.Release|Any CPU.ActiveCfg = Release|Any CPU
		{5C8F0164-0DD4-40A7-BCC4-7F4336384923}.Release|Any CPU.Build.0 = Release|Any CPU
		{5C8F0164-0DD4-40A7-BCC4-7F4336384923}.Test|Any CPU.ActiveCfg = Release|Any CPU
		{5C8F0164-0DD4-40A7-BCC4-7F4336384923}.Test|Any CPU.Build.0 = Release|Any CPU
		{7F7985D6-0785-4672-8253-2A8E8CA79F93}.Debug|Any CPU.ActiveCfg = Debug|Any CPU
		{7F7985D6-0785-4672-8253-2A8E8CA79F93}.Debug|Any CPU.Build.0 = Debug|Any CPU
		{7F7985D6-0785-4672-8253-2A8E8CA79F93}.Release|Any CPU.ActiveCfg = Release|Any CPU
		{7F7985D6-0785-4672-8253-2A8E8CA79F93}.Release|Any CPU.Build.0 = Release|Any CPU
		{7F7985D6-0785-4672-8253-2A8E8CA79F93}.Test|Any CPU.ActiveCfg = Release|Any CPU
		{7F7985D6-0785-4672-8253-2A8E8CA79F93}.Test|Any CPU.Build.0 = Release|Any CPU
		{CFA2A124-7D9A-4E1E-A6B5-1F35299E04EE}.Debug|Any CPU.ActiveCfg = Debug|Any CPU
		{CFA2A124-7D9A-4E1E-A6B5-1F35299E04EE}.Debug|Any CPU.Build.0 = Debug|Any CPU
		{CFA2A124-7D9A-4E1E-A6B5-1F35299E04EE}.Release|Any CPU.ActiveCfg = Release|Any CPU
		{CFA2A124-7D9A-4E1E-A6B5-1F35299E04EE}.Release|Any CPU.Build.0 = Release|Any CPU
		{CFA2A124-7D9A-4E1E-A6B5-1F35299E04EE}.Test|Any CPU.ActiveCfg = Release|Any CPU
		{CFA2A124-7D9A-4E1E-A6B5-1F35299E04EE}.Test|Any CPU.Build.0 = Release|Any CPU
		{7899DE2B-4FB4-40CC-BC76-28F854FB5004}.Debug|Any CPU.ActiveCfg = Debug|Any CPU
		{7899DE2B-4FB4-40CC-BC76-28F854FB5004}.Debug|Any CPU.Build.0 = Debug|Any CPU
		{7899DE2B-4FB4-40CC-BC76-28F854FB5004}.Release|Any CPU.ActiveCfg = Release|Any CPU
		{7899DE2B-4FB4-40CC-BC76-28F854FB5004}.Release|Any CPU.Build.0 = Release|Any CPU
		{7899DE2B-4FB4-40CC-BC76-28F854FB5004}.Test|Any CPU.ActiveCfg = Release|Any CPU
		{7899DE2B-4FB4-40CC-BC76-28F854FB5004}.Test|Any CPU.Build.0 = Release|Any CPU
	EndGlobalSection
	GlobalSection(SolutionProperties) = preSolution
		HideSolutionNode = FALSE
	EndGlobalSection
	GlobalSection(NestedProjects) = preSolution
		{051DBB87-C5B6-4D7E-A6B3-7E14DD400E15} = {2C50576A-4C59-424A-A408-F146B951C4E9}
		{A7A5473D-9813-4DDF-A4C2-5F590792687D} = {2C50576A-4C59-424A-A408-F146B951C4E9}
		{2729A54B-FD8A-4C24-B207-6A891F5659C5} = {2C50576A-4C59-424A-A408-F146B951C4E9}
		{64876BC5-0F52-457B-9C5F-613532887C02} = {17A7EE3A-5594-4D16-9D18-ABE2AB9226F2}
		{816D4429-E7D1-4CCB-B77B-6CCEEBD1B846} = {17A7EE3A-5594-4D16-9D18-ABE2AB9226F2}
		{C95C923E-74AB-4DB5-B740-5E925444F2E5} = {17A7EE3A-5594-4D16-9D18-ABE2AB9226F2}
		{053B405D-CA29-4850-AB18-2678499D747F} = {17A7EE3A-5594-4D16-9D18-ABE2AB9226F2}
		{56C13CAA-DA00-4E70-AFF0-72B673606881} = {17A7EE3A-5594-4D16-9D18-ABE2AB9226F2}
		{5C8F0164-0DD4-40A7-BCC4-7F4336384923} = {17A7EE3A-5594-4D16-9D18-ABE2AB9226F2}
		{7F7985D6-0785-4672-8253-2A8E8CA79F93} = {17A7EE3A-5594-4D16-9D18-ABE2AB9226F2}
		{CFA2A124-7D9A-4E1E-A6B5-1F35299E04EE} = {17A7EE3A-5594-4D16-9D18-ABE2AB9226F2}
		{7899DE2B-4FB4-40CC-BC76-28F854FB5004} = {17A7EE3A-5594-4D16-9D18-ABE2AB9226F2}
		{D201D8FD-6CCA-4F80-BF84-B301D380DC66} = {77C59314-6E91-40AD-8AC3-FDC5E879D492}
		{78421D37-EE82-4D39-BB9D-95285A3A76B1} = {77C59314-6E91-40AD-8AC3-FDC5E879D492}
		{2FEBD0ED-01C8-48B1-8001-1F763766EFB2} = {77C59314-6E91-40AD-8AC3-FDC5E879D492}
		{35FA5633-67B0-48F0-9954-DB61678F5985} = {6C4E669D-9B10-4122-9A61-99638CA354AD}
		{1D815FBF-451C-4E23-939C-CB80172F445C} = {CE87D0B5-7481-4EE4-8FE0-76BAA0B8843D}
		{EE8630BC-6191-4C40-9061-12C76342562D} = {CE87D0B5-7481-4EE4-8FE0-76BAA0B8843D}
	EndGlobalSection
EndGlobal
